
Microsoft Visual Studio Solution File, Format Version 12.00
# Visual Studio Version 17
VisualStudioVersion = 17.5.33502.453
MinimumVisualStudioVersion = 10.0.40219.1
Project("{FAE04EC0-301F-11D3-BF4B-00C04F79EFBC}") = "calcular_triangulo_funcao", "calcular_triangulo_funcao.csproj", "{39EE5733-280E-4203-9977-EFFB8572506C}"
EndProject
Global
	GlobalSection(SolutionConfigurationPlatforms) = preSolution
		Debug|Any CPU = Debug|Any CPU
		Release|Any CPU = Release|Any CPU
	EndGlobalSection
	GlobalSection(ProjectConfigurationPlatforms) = postSolution
		{39EE5733-280E-4203-9977-EFFB8572506C}.Debug|Any CPU.ActiveCfg = Debug|Any CPU
		{39EE5733-280E-4203-9977-EFFB8572506C}.Debug|Any CPU.Build.0 = Debug|Any CPU
		{39EE5733-280E-4203-9977-EFFB8572506C}.Release|Any CPU.ActiveCfg = Release|Any CPU
		{39EE5733-280E-4203-9977-EFFB8572506C}.Release|Any CPU.Build.0 = Release|Any CPU
	EndGlobalSection
	GlobalSection(SolutionProperties) = preSolution
		HideSolutionNode = FALSE
	EndGlobalSection
	GlobalSection(ExtensibilityGlobals) = postSolution
		SolutionGuid = {E75FF945-C5BF-4455-96AA-9C1DC53A04CB}
	EndGlobalSection
EndGlobal
